
Microsoft Visual Studio Solution File, Format Version 12.00
# Visual Studio Version 16
VisualStudioVersion = 16.0.29519.181
MinimumVisualStudioVersion = 10.0.40219.1
Project("{FAE04EC0-301F-11D3-BF4B-00C04F79EFBC}") = "EClass", "EClass\EClass.csproj", "{1E3FDA8D-D378-4055-B33D-61A0C315EE1A}"
EndProject
Project("{FAE04EC0-301F-11D3-BF4B-00C04F79EFBC}") = "XUnitTestProject1", "XUnitTestProject1\XUnitTestProject1.csproj", "{01C4A021-0A8E-4079-90FD-771D35F6722A}"
EndProject
Global
	GlobalSection(SolutionConfigurationPlatforms) = preSolution
		Debug|Any CPU = Debug|Any CPU
		Release|Any CPU = Release|Any CPU
	EndGlobalSection
	GlobalSection(ProjectConfigurationPlatforms) = postSolution
		{1E3FDA8D-D378-4055-B33D-61A0C315EE1A}.Debug|Any CPU.ActiveCfg = Debug|Any CPU
		{1E3FDA8D-D378-4055-B33D-61A0C315EE1A}.Debug|Any CPU.Build.0 = Debug|Any CPU
		{1E3FDA8D-D378-4055-B33D-61A0C315EE1A}.Release|Any CPU.ActiveCfg = Release|Any CPU
		{1E3FDA8D-D378-4055-B33D-61A0C315EE1A}.Release|Any CPU.Build.0 = Release|Any CPU
		{01C4A021-0A8E-4079-90FD-771D35F6722A}.Debug|Any CPU.ActiveCfg = Debug|Any CPU
		{01C4A021-0A8E-4079-90FD-771D35F6722A}.Debug|Any CPU.Build.0 = Debug|Any CPU
		{01C4A021-0A8E-4079-90FD-771D35F6722A}.Release|Any CPU.ActiveCfg = Release|Any CPU
		{01C4A021-0A8E-4079-90FD-771D35F6722A}.Release|Any CPU.Build.0 = Release|Any CPU
	EndGlobalSection
	GlobalSection(SolutionProperties) = preSolution
		HideSolutionNode = FALSE
	EndGlobalSection
	GlobalSection(ExtensibilityGlobals) = postSolution
		SolutionGuid = {1BE9B18F-A432-4EE3-8762-0005C4D1F44C}
	EndGlobalSection
EndGlobal
